
Microsoft Visual Studio Solution File, Format Version 12.00
# Visual Studio 15
Project("{FAE04EC0-301F-11D3-BF4B-00C04F79EFBC}") = "Drunk The Saloon !!!", "Drunk The Saloon !!!.csproj", "{3C07A803-21EE-7D59-BDF1-8CD39E1215E6}"
EndProject
Project("{FAE04EC0-301F-11D3-BF4B-00C04F79EFBC}") = "Drunk The Saloon !!!.Editor", "Drunk The Saloon !!!.Editor.csproj", "{13AC7F98-5522-1133-A388-7874491DFAC2}"
EndProject
Global
	GlobalSection(SolutionConfigurationPlatforms) = preSolution
		Debug|Any CPU = Debug|Any CPU
		Release|Any CPU = Release|Any CPU
	EndGlobalSection
	GlobalSection(ProjectConfigurationPlatforms) = postSolution
		{3C07A803-21EE-7D59-BDF1-8CD39E1215E6}.Debug|Any CPU.ActiveCfg = Debug|Any CPU
		{3C07A803-21EE-7D59-BDF1-8CD39E1215E6}.Debug|Any CPU.Build.0 = Debug|Any CPU
		{3C07A803-21EE-7D59-BDF1-8CD39E1215E6}.Release|Any CPU.ActiveCfg = Release|Any CPU
		{3C07A803-21EE-7D59-BDF1-8CD39E1215E6}.Release|Any CPU.Build.0 = Release|Any CPU
		{13AC7F98-5522-1133-A388-7874491DFAC2}.Debug|Any CPU.ActiveCfg = Debug|Any CPU
		{13AC7F98-5522-1133-A388-7874491DFAC2}.Debug|Any CPU.Build.0 = Debug|Any CPU
		{13AC7F98-5522-1133-A388-7874491DFAC2}.Release|Any CPU.ActiveCfg = Release|Any CPU
		{13AC7F98-5522-1133-A388-7874491DFAC2}.Release|Any CPU.Build.0 = Release|Any CPU
	EndGlobalSection
	GlobalSection(SolutionProperties) = preSolution
		HideSolutionNode = FALSE
	EndGlobalSection
EndGlobal
